PODS:
  - Mantle (1.5.3):
    - Mantle/extobjc (= 1.5.3)
  - Mantle/extobjc (1.5.3)
  - ReactiveCocoa (2.4.2):
    - ReactiveCocoa/UI (= 2.4.2)
  - ReactiveCocoa/Core (2.4.2):
    - ReactiveCocoa/no-arc
  - ReactiveCocoa/no-arc (2.4.2)
  - ReactiveCocoa/UI (2.4.2):
    - ReactiveCocoa/Core
  - TMCache (1.2.3)

DEPENDENCIES:
  - Mantle (~> 1.5.1)
  - ReactiveCocoa (~> 2.4.2)
  - TMCache (~> 1.2.3)

SPEC CHECKSUMS:
  Mantle: 8d84cacd6c2a69ff6fbce985a2b51298a5495de3
  ReactiveCocoa: 8418a82b67af2f1b7587baf29c329040a23c2063
  TMCache: 11589ef8c40909114a5e60132711c9a559e01d97

COCOAPODS: 0.35.0
